# THIS IS AN AUTOGENERATED FILE. DO NOT EDIT THIS FILE DIRECTLY.
# yarn lockfile v1


jest-fetch-mock@^1.0.8:
  version "1.0.8"
  resolved "https://registry.yarnpkg.com/jest-fetch-mock/-/jest-fetch-mock-1.0.8.tgz#96140764478da9eaeb7a4d6bc96ab0e3aa7c9d61"
  dependencies:
    whatwg-fetch "1.0.0"

whatwg-fetch@1.0.0:
  version "1.0.0"
  resolved "https://registry.yarnpkg.com/whatwg-fetch/-/whatwg-fetch-1.0.0.tgz#01c2ac4df40e236aaa18480e3be74bd5c8eb798e"
